
Microsoft Visual Studio Solution File, Format Version 12.00
# Visual Studio Version 17
VisualStudioVersion = 17.0.31903.59
MinimumVisualStudioVersion = 10.0.40219.1
Project("{2150E333-8FDC-42A3-9474-1A3956D46DE8}") = "src", "src", "{AEEAF011-F0F7-4A7D-A33F-BE7BD6CEA65D}"
EndProject
Project("{FAE04EC0-301F-11D3-BF4B-00C04F79EFBC}") = "Acme.Core", "src\Acme.Core\Acme.Core.csproj", "{FECE7298-C766-4B41-9220-1B981F78196C}"
EndProject
Project("{FAE04EC0-301F-11D3-BF4B-00C04F79EFBC}") = "Acme.Model", "src\Acme.Model\Acme.Model.csproj", "{F5838D69-2498-44D7-8937-8C1ADF587D65}"
EndProject
Project("{FAE04EC0-301F-11D3-BF4B-00C04F79EFBC}") = "Acme.Domain", "src\Acme.Domain\Acme.Domain.csproj", "{60C25ED2-4083-4EB5-A854-525F55F184C3}"
EndProject
Project("{FAE04EC0-301F-11D3-BF4B-00C04F79EFBC}") = "Acme.Api.REST", "src\Acme.Api.REST\Acme.Api.REST.csproj", "{052D796D-E223-4FFA-A46D-F89FDE749A95}"
EndProject
Project("{FAE04EC0-301F-11D3-BF4B-00C04F79EFBC}") = "Acme.Api.GraphQL", "src\Acme.Api.GraphQL\Acme.Api.GraphQL.csproj", "{A12E0BD7-CAF7-4C05-AED3-111DFBEFB93A}"
EndProject
Project("{2150E333-8FDC-42A3-9474-1A3956D46DE8}") = "test", "test", "{5625AE00-E68A-4D1E-9180-D98FE0AF6433}"
EndProject
Project("{FAE04EC0-301F-11D3-BF4B-00C04F79EFBC}") = "Acme.Testing", "test\Acme.Testing\Acme.Testing.csproj", "{F6430BC0-A118-4F7B-8307-D03210F2D04A}"
EndProject
Project("{FAE04EC0-301F-11D3-BF4B-00C04F79EFBC}") = "Acme.Core.Tests", "test\Acme.Core.Tests\Acme.Core.Tests.csproj", "{4C827991-FD29-474A-8A48-ECA8D5D16BAD}"
EndProject
Project("{FAE04EC0-301F-11D3-BF4B-00C04F79EFBC}") = "Acme.Model.Tests", "test\Acme.Model.Tests\Acme.Model.Tests.csproj", "{6B3D7B58-10C5-41F7-A64D-F69116B67B81}"
EndProject
Project("{FAE04EC0-301F-11D3-BF4B-00C04F79EFBC}") = "Acme.Domain.Tests", "test\Acme.Domain.Tests\Acme.Domain.Tests.csproj", "{FC1F96CD-1278-41C8-A111-D8C93E9959F9}"
EndProject
Project("{FAE04EC0-301F-11D3-BF4B-00C04F79EFBC}") = "Acme.Api.REST.Tests", "test\Acme.Api.REST.Tests\Acme.Api.REST.Tests.csproj", "{FF9824A2-6640-430D-A0DD-8E20C216B627}"
EndProject
Project("{FAE04EC0-301F-11D3-BF4B-00C04F79EFBC}") = "Acme.Api.GraphQL.Tests", "test\Acme.Api.GraphQL.Tests\Acme.Api.GraphQL.Tests.csproj", "{2BAF5766-5053-4907-A4D7-A24C7A059D20}"
EndProject
Global
	GlobalSection(SolutionConfigurationPlatforms) = preSolution
		Debug|Any CPU = Debug|Any CPU
		Release|Any CPU = Release|Any CPU
	EndGlobalSection
	GlobalSection(SolutionProperties) = preSolution
		HideSolutionNode = FALSE
	EndGlobalSection
	GlobalSection(ProjectConfigurationPlatforms) = postSolution
		{FECE7298-C766-4B41-9220-1B981F78196C}.Debug|Any CPU.ActiveCfg = Debug|Any CPU
		{FECE7298-C766-4B41-9220-1B981F78196C}.Debug|Any CPU.Build.0 = Debug|Any CPU
		{FECE7298-C766-4B41-9220-1B981F78196C}.Release|Any CPU.ActiveCfg = Release|Any CPU
		{FECE7298-C766-4B41-9220-1B981F78196C}.Release|Any CPU.Build.0 = Release|Any CPU
		{F5838D69-2498-44D7-8937-8C1ADF587D65}.Debug|Any CPU.ActiveCfg = Debug|Any CPU
		{F5838D69-2498-44D7-8937-8C1ADF587D65}.Debug|Any CPU.Build.0 = Debug|Any CPU
		{F5838D69-2498-44D7-8937-8C1ADF587D65}.Release|Any CPU.ActiveCfg = Release|Any CPU
		{F5838D69-2498-44D7-8937-8C1ADF587D65}.Release|Any CPU.Build.0 = Release|Any CPU
		{60C25ED2-4083-4EB5-A854-525F55F184C3}.Debug|Any CPU.ActiveCfg = Debug|Any CPU
		{60C25ED2-4083-4EB5-A854-525F55F184C3}.Debug|Any CPU.Build.0 = Debug|Any CPU
		{60C25ED2-4083-4EB5-A854-525F55F184C3}.Release|Any CPU.ActiveCfg = Release|Any CPU
		{60C25ED2-4083-4EB5-A854-525F55F184C3}.Release|Any CPU.Build.0 = Release|Any CPU
		{052D796D-E223-4FFA-A46D-F89FDE749A95}.Debug|Any CPU.ActiveCfg = Debug|Any CPU
		{052D796D-E223-4FFA-A46D-F89FDE749A95}.Debug|Any CPU.Build.0 = Debug|Any CPU
		{052D796D-E223-4FFA-A46D-F89FDE749A95}.Release|Any CPU.ActiveCfg = Release|Any CPU
		{052D796D-E223-4FFA-A46D-F89FDE749A95}.Release|Any CPU.Build.0 = Release|Any CPU
		{A12E0BD7-CAF7-4C05-AED3-111DFBEFB93A}.Debug|Any CPU.ActiveCfg = Debug|Any CPU
		{A12E0BD7-CAF7-4C05-AED3-111DFBEFB93A}.Debug|Any CPU.Build.0 = Debug|Any CPU
		{A12E0BD7-CAF7-4C05-AED3-111DFBEFB93A}.Release|Any CPU.ActiveCfg = Release|Any CPU
		{A12E0BD7-CAF7-4C05-AED3-111DFBEFB93A}.Release|Any CPU.Build.0 = Release|Any CPU
		{F6430BC0-A118-4F7B-8307-D03210F2D04A}.Debug|Any CPU.ActiveCfg = Debug|Any CPU
		{F6430BC0-A118-4F7B-8307-D03210F2D04A}.Debug|Any CPU.Build.0 = Debug|Any CPU
		{F6430BC0-A118-4F7B-8307-D03210F2D04A}.Release|Any CPU.ActiveCfg = Release|Any CPU
		{F6430BC0-A118-4F7B-8307-D03210F2D04A}.Release|Any CPU.Build.0 = Release|Any CPU
		{4C827991-FD29-474A-8A48-ECA8D5D16BAD}.Debug|Any CPU.ActiveCfg = Debug|Any CPU
		{4C827991-FD29-474A-8A48-ECA8D5D16BAD}.Debug|Any CPU.Build.0 = Debug|Any CPU
		{4C827991-FD29-474A-8A48-ECA8D5D16BAD}.Release|Any CPU.ActiveCfg = Release|Any CPU
		{4C827991-FD29-474A-8A48-ECA8D5D16BAD}.Release|Any CPU.Build.0 = Release|Any CPU
		{6B3D7B58-10C5-41F7-A64D-F69116B67B81}.Debug|Any CPU.ActiveCfg = Debug|Any CPU
		{6B3D7B58-10C5-41F7-A64D-F69116B67B81}.Debug|Any CPU.Build.0 = Debug|Any CPU
		{6B3D7B58-10C5-41F7-A64D-F69116B67B81}.Release|Any CPU.ActiveCfg = Release|Any CPU
		{6B3D7B58-10C5-41F7-A64D-F69116B67B81}.Release|Any CPU.Build.0 = Release|Any CPU
		{FC1F96CD-1278-41C8-A111-D8C93E9959F9}.Debug|Any CPU.ActiveCfg = Debug|Any CPU
		{FC1F96CD-1278-41C8-A111-D8C93E9959F9}.Debug|Any CPU.Build.0 = Debug|Any CPU
		{FC1F96CD-1278-41C8-A111-D8C93E9959F9}.Release|Any CPU.ActiveCfg = Release|Any CPU
		{FC1F96CD-1278-41C8-A111-D8C93E9959F9}.Release|Any CPU.Build.0 = Release|Any CPU
		{FF9824A2-6640-430D-A0DD-8E20C216B627}.Debug|Any CPU.ActiveCfg = Debug|Any CPU
		{FF9824A2-6640-430D-A0DD-8E20C216B627}.Debug|Any CPU.Build.0 = Debug|Any CPU
		{FF9824A2-6640-430D-A0DD-8E20C216B627}.Release|Any CPU.ActiveCfg = Release|Any CPU
		{FF9824A2-6640-430D-A0DD-8E20C216B627}.Release|Any CPU.Build.0 = Release|Any CPU
		{2BAF5766-5053-4907-A4D7-A24C7A059D20}.Debug|Any CPU.ActiveCfg = Debug|Any CPU
		{2BAF5766-5053-4907-A4D7-A24C7A059D20}.Debug|Any CPU.Build.0 = Debug|Any CPU
		{2BAF5766-5053-4907-A4D7-A24C7A059D20}.Release|Any CPU.ActiveCfg = Release|Any CPU
		{2BAF5766-5053-4907-A4D7-A24C7A059D20}.Release|Any CPU.Build.0 = Release|Any CPU
	EndGlobalSection
	GlobalSection(NestedProjects) = preSolution
		{FECE7298-C766-4B41-9220-1B981F78196C} = {AEEAF011-F0F7-4A7D-A33F-BE7BD6CEA65D}
		{F5838D69-2498-44D7-8937-8C1ADF587D65} = {AEEAF011-F0F7-4A7D-A33F-BE7BD6CEA65D}
		{60C25ED2-4083-4EB5-A854-525F55F184C3} = {AEEAF011-F0F7-4A7D-A33F-BE7BD6CEA65D}
		{052D796D-E223-4FFA-A46D-F89FDE749A95} = {AEEAF011-F0F7-4A7D-A33F-BE7BD6CEA65D}
		{A12E0BD7-CAF7-4C05-AED3-111DFBEFB93A} = {AEEAF011-F0F7-4A7D-A33F-BE7BD6CEA65D}
		{F6430BC0-A118-4F7B-8307-D03210F2D04A} = {5625AE00-E68A-4D1E-9180-D98FE0AF6433}
		{4C827991-FD29-474A-8A48-ECA8D5D16BAD} = {5625AE00-E68A-4D1E-9180-D98FE0AF6433}
		{6B3D7B58-10C5-41F7-A64D-F69116B67B81} = {5625AE00-E68A-4D1E-9180-D98FE0AF6433}
		{FC1F96CD-1278-41C8-A111-D8C93E9959F9} = {5625AE00-E68A-4D1E-9180-D98FE0AF6433}
		{FF9824A2-6640-430D-A0DD-8E20C216B627} = {5625AE00-E68A-4D1E-9180-D98FE0AF6433}
		{2BAF5766-5053-4907-A4D7-A24C7A059D20} = {5625AE00-E68A-4D1E-9180-D98FE0AF6433}
	EndGlobalSection
EndGlobal
